
Microsoft Visual Studio Solution File, Format Version 12.00
# Visual Studio Version 16
VisualStudioVersion = 16.0.30524.135
MinimumVisualStudioVersion = 10.0.40219.1
Project("{9A19103F-16F7-4668-BE54-9A1E7A4F7556}") = "Sora", "Sora\Sora.csproj", "{F3809888-D3EA-4679-BF00-E4444F4B6A23}"
EndProject
Project("{9A19103F-16F7-4668-BE54-9A1E7A4F7556}") = "Sora_Test", "Sora_Test\Sora_Test.csproj", "{F0DFEC93-63EA-4514-A87E-FC21FD849A8B}"
EndProject
Global
	GlobalSection(SolutionConfigurationPlatforms) = preSolution
		Debug|Any CPU = Debug|Any CPU
		Release|Any CPU = Release|Any CPU
	EndGlobalSection
	GlobalSection(ProjectConfigurationPlatforms) = postSolution
		{F3809888-D3EA-4679-BF00-E4444F4B6A23}.Debug|Any CPU.ActiveCfg = Debug|Any CPU
		{F3809888-D3EA-4679-BF00-E4444F4B6A23}.Debug|Any CPU.Build.0 = Debug|Any CPU
		{F3809888-D3EA-4679-BF00-E4444F4B6A23}.Release|Any CPU.ActiveCfg = Release|Any CPU
		{F3809888-D3EA-4679-BF00-E4444F4B6A23}.Release|Any CPU.Build.0 = Release|Any CPU
		{F0DFEC93-63EA-4514-A87E-FC21FD849A8B}.Debug|Any CPU.ActiveCfg = Debug|Any CPU
		{F0DFEC93-63EA-4514-A87E-FC21FD849A8B}.Debug|Any CPU.Build.0 = Debug|Any CPU
		{F0DFEC93-63EA-4514-A87E-FC21FD849A8B}.Release|Any CPU.ActiveCfg = Release|Any CPU
		{F0DFEC93-63EA-4514-A87E-FC21FD849A8B}.Release|Any CPU.Build.0 = Release|Any CPU
	EndGlobalSection
	GlobalSection(SolutionProperties) = preSolution
		HideSolutionNode = FALSE
	EndGlobalSection
	GlobalSection(ExtensibilityGlobals) = postSolution
		SolutionGuid = {738F2EF3-CFBA-4AE2-95A4-18E841E403B6}
	EndGlobalSection
EndGlobal
