
Microsoft Visual Studio Solution File, Format Version 12.00
# Visual Studio Version 16
VisualStudioVersion = 16.0.30717.126
MinimumVisualStudioVersion = 10.0.40219.1
Project("{9A19103F-16F7-4668-BE54-9A1E7A4F7556}") = "QQ.RoBot", "QQ.RoBot.csproj", "{7BDE6A63-59B3-4794-A208-6890EB4435E5}"
EndProject
Project("{9A19103F-16F7-4668-BE54-9A1E7A4F7556}") = "TestProject", "..\TestProject\TestProject.csproj", "{118E6653-9AC1-4F81-859F-491694885963}"
EndProject
Project("{9A19103F-16F7-4668-BE54-9A1E7A4F7556}") = "WordCloud", "..\WordCloud\WordCloud.csproj", "{B5BD2C46-93E5-4736-962D-D1D4A35C7EC5}"
EndProject
Project("{9A19103F-16F7-4668-BE54-9A1E7A4F7556}") = "Robot.Common", "..\Robot.Common\Robot.Common.csproj", "{A3F5682F-87ED-41DD-9C36-C6DB9B13FA02}"
EndProject
Project("{9A19103F-16F7-4668-BE54-9A1E7A4F7556}") = "Robot.Framework", "..\Robot.Framework\Robot.Framework.csproj", "{0544C44B-005A-40A7-8B3F-6DBC9E1759BC}"
EndProject
Global
	GlobalSection(SolutionConfigurationPlatforms) = preSolution
		Debug|Any CPU = Debug|Any CPU
		Release|Any CPU = Release|Any CPU
	EndGlobalSection
	GlobalSection(ProjectConfigurationPlatforms) = postSolution
		{7BDE6A63-59B3-4794-A208-6890EB4435E5}.Debug|Any CPU.ActiveCfg = Debug|Any CPU
		{7BDE6A63-59B3-4794-A208-6890EB4435E5}.Debug|Any CPU.Build.0 = Debug|Any CPU
		{7BDE6A63-59B3-4794-A208-6890EB4435E5}.Release|Any CPU.ActiveCfg = Release|Any CPU
		{7BDE6A63-59B3-4794-A208-6890EB4435E5}.Release|Any CPU.Build.0 = Release|Any CPU
		{118E6653-9AC1-4F81-859F-491694885963}.Debug|Any CPU.ActiveCfg = Debug|Any CPU
		{118E6653-9AC1-4F81-859F-491694885963}.Debug|Any CPU.Build.0 = Debug|Any CPU
		{118E6653-9AC1-4F81-859F-491694885963}.Release|Any CPU.ActiveCfg = Release|Any CPU
		{118E6653-9AC1-4F81-859F-491694885963}.Release|Any CPU.Build.0 = Release|Any CPU
		{B5BD2C46-93E5-4736-962D-D1D4A35C7EC5}.Debug|Any CPU.ActiveCfg = Debug|Any CPU
		{B5BD2C46-93E5-4736-962D-D1D4A35C7EC5}.Debug|Any CPU.Build.0 = Debug|Any CPU
		{B5BD2C46-93E5-4736-962D-D1D4A35C7EC5}.Release|Any CPU.ActiveCfg = Release|Any CPU
		{B5BD2C46-93E5-4736-962D-D1D4A35C7EC5}.Release|Any CPU.Build.0 = Release|Any CPU
		{A3F5682F-87ED-41DD-9C36-C6DB9B13FA02}.Debug|Any CPU.ActiveCfg = Debug|Any CPU
		{A3F5682F-87ED-41DD-9C36-C6DB9B13FA02}.Debug|Any CPU.Build.0 = Debug|Any CPU
		{A3F5682F-87ED-41DD-9C36-C6DB9B13FA02}.Release|Any CPU.ActiveCfg = Release|Any CPU
		{A3F5682F-87ED-41DD-9C36-C6DB9B13FA02}.Release|Any CPU.Build.0 = Release|Any CPU
		{0544C44B-005A-40A7-8B3F-6DBC9E1759BC}.Debug|Any CPU.ActiveCfg = Debug|Any CPU
		{0544C44B-005A-40A7-8B3F-6DBC9E1759BC}.Debug|Any CPU.Build.0 = Debug|Any CPU
		{0544C44B-005A-40A7-8B3F-6DBC9E1759BC}.Release|Any CPU.ActiveCfg = Release|Any CPU
		{0544C44B-005A-40A7-8B3F-6DBC9E1759BC}.Release|Any CPU.Build.0 = Release|Any CPU
	EndGlobalSection
	GlobalSection(SolutionProperties) = preSolution
		HideSolutionNode = FALSE
	EndGlobalSection
	GlobalSection(ExtensibilityGlobals) = postSolution
		SolutionGuid = {B756F5A3-DB1D-4F3D-8A81-F66E4E4B9995}
	EndGlobalSection
EndGlobal
